
Microsoft Visual Studio Solution File, Format Version 12.00
Project("{FAE04EC0-301F-11D3-BF4B-00C04F79EFBC}") = "AdjustmentTool", "AdjustmentTool.csproj", "{92999B7A-D399-4BEE-8146-D9C2DFD95185}"
EndProject
Project("{FAE04EC0-301F-11D3-BF4B-00C04F79EFBC}") = "AdjustmentTool.UI", "AdjustmentTool.UI\AdjustmentTool.UI.csproj", "{6F1929E7-76C8-4DF1-99AC-98DE0BE4E9A2}"
EndProject
Global
	GlobalSection(SolutionConfigurationPlatforms) = preSolution
		Debug|Any CPU = Debug|Any CPU
		Release|Any CPU = Release|Any CPU
	EndGlobalSection
	GlobalSection(ProjectConfigurationPlatforms) = postSolution
		{92999B7A-D399-4BEE-8146-D9C2DFD95185}.Debug|Any CPU.ActiveCfg = Debug|Any CPU
		{92999B7A-D399-4BEE-8146-D9C2DFD95185}.Debug|Any CPU.Build.0 = Debug|Any CPU
		{92999B7A-D399-4BEE-8146-D9C2DFD95185}.Release|Any CPU.ActiveCfg = Release|Any CPU
		{92999B7A-D399-4BEE-8146-D9C2DFD95185}.Release|Any CPU.Build.0 = Release|Any CPU
		{6F1929E7-76C8-4DF1-99AC-98DE0BE4E9A2}.Debug|Any CPU.ActiveCfg = Debug|Any CPU
		{6F1929E7-76C8-4DF1-99AC-98DE0BE4E9A2}.Debug|Any CPU.Build.0 = Debug|Any CPU
		{6F1929E7-76C8-4DF1-99AC-98DE0BE4E9A2}.Release|Any CPU.ActiveCfg = Release|Any CPU
		{6F1929E7-76C8-4DF1-99AC-98DE0BE4E9A2}.Release|Any CPU.Build.0 = Release|Any CPU
	EndGlobalSection
EndGlobal
